
Microsoft Visual Studio Solution File, Format Version 12.00
# Visual Studio Version 17
VisualStudioVersion = 17.2.32526.322
MinimumVisualStudioVersion = 10.0.40219.1
Project("{9A19103F-16F7-4668-BE54-9A1E7A4F7556}") = "Corporate.Private.App.Typo", "Corporate.Private.App.Typo\Corporate.Private.App.Typo.csproj", "{FEEA016A-E9C4-4FE7-B160-F6E2B2855115}"
EndProject
Project("{9A19103F-16F7-4668-BE54-9A1E7A4F7556}") = "Corporate.Private.App.HybridConfig", "C:\demo\DependencyConfusionDemo\CorporateApp\Corporate.Private.App.HybridConfig\Corporate.Private.App.HybridConfig.csproj", "{FBBA1020-3D0B-49E9-B4A8-AD0781622617}"
EndProject
Global
	GlobalSection(SolutionConfigurationPlatforms) = preSolution
		Debug|Any CPU = Debug|Any CPU
		Release|Any CPU = Release|Any CPU
	EndGlobalSection
	GlobalSection(ProjectConfigurationPlatforms) = postSolution
		{FEEA016A-E9C4-4FE7-B160-F6E2B2855115}.Debug|Any CPU.ActiveCfg = Debug|Any CPU
		{FEEA016A-E9C4-4FE7-B160-F6E2B2855115}.Debug|Any CPU.Build.0 = Debug|Any CPU
		{FEEA016A-E9C4-4FE7-B160-F6E2B2855115}.Release|Any CPU.ActiveCfg = Release|Any CPU
		{FEEA016A-E9C4-4FE7-B160-F6E2B2855115}.Release|Any CPU.Build.0 = Release|Any CPU
		{FBBA1020-3D0B-49E9-B4A8-AD0781622617}.Debug|Any CPU.ActiveCfg = Debug|Any CPU
		{FBBA1020-3D0B-49E9-B4A8-AD0781622617}.Debug|Any CPU.Build.0 = Debug|Any CPU
		{FBBA1020-3D0B-49E9-B4A8-AD0781622617}.Release|Any CPU.ActiveCfg = Release|Any CPU
		{FBBA1020-3D0B-49E9-B4A8-AD0781622617}.Release|Any CPU.Build.0 = Release|Any CPU
	EndGlobalSection
	GlobalSection(SolutionProperties) = preSolution
		HideSolutionNode = FALSE
	EndGlobalSection
	GlobalSection(ExtensibilityGlobals) = postSolution
		SolutionGuid = {0D428CE7-3BA7-44EC-8E47-CC043CE61680}
	EndGlobalSection
EndGlobal
