{
  "version": 1,
  "dependencies": {
    "net6.0": {
      "Corporate.Private.Library": {
        "type": "Direct",
        "requested": "[1.0.1, )",
        "resolved": "1.0.1",
        "contentHash": "qCxbf2E2t311biKgB/g6rI7GvudxXkPabo8JpUC7iGMR+3k9j/N0fOsu+P8qJJQxpWNDDAbPMjtabTYy6mB8cQ=="
      },
      "Newtonsoft.Json": {
        "type": "Direct",
        "requested": "[13.0.1, )",
        "resolved": "13.0.1",
        "contentHash": "ppPFpBcvxdsfUonNcvITKqLl3bqxWbDCZIzDWHzjpdAHRFfZe0Dw9HmA0+za13IdyrgJwpkDTDA9fHaxOrt20A=="
      }
    }
  }
}