{
  "version": 1,
  "dependencies": {
    "net6.0": {
      "Corporate.Private.Library": {
        "type": "Direct",
        "requested": "[1.0.*, )",
        "resolved": "1.0.9999",
        "contentHash": "ibdrO13JRbE0nMOakexxhCsA2WW7Q3txkNJZs84Ugm3o91nbqlaXnVQY8K3xvp2q3FZpWsjFTExXKydPf0PXZQ=="
      },
      "Gogle.Protobuf": {
        "type": "Direct",
        "requested": "[3.21.5, )",
        "resolved": "3.21.5",
        "contentHash": "8XAhQDL5MkJz0wvrRKwbuyPbvw0f5yUI6mZbwvDJ8HNtpuVkDoaN7zo7MpY44FBdjLbYsQnl0B1uDmzy8O1y6g=="
      },
      "Newtonsoft.Json": {
        "type": "Direct",
        "requested": "[13.0.1, )",
        "resolved": "13.0.1",
        "contentHash": "ppPFpBcvxdsfUonNcvITKqLl3bqxWbDCZIzDWHzjpdAHRFfZe0Dw9HmA0+za13IdyrgJwpkDTDA9fHaxOrt20A=="
      }
    }
  }
}